
Microsoft Visual Studio Solution File, Format Version 12.00
# Visual Studio 2012
Project("{FAE04EC0-301F-11D3-BF4B-00C04F79EFBC}") = "PrismTemplate", "src\PrismTemplate\PrismTemplate.csproj", "{5BCE2767-85E8-403A-8F39-7E0EBC8BDB3B}"
EndProject
Project("{FAE04EC0-301F-11D3-BF4B-00C04F79EFBC}") = "PrismTemplate.iOS", "src\PrismTemplate.iOS\PrismTemplate.iOS.csproj", "{3517A3A7-F09E-41BC-9DAC-05EC4E452476}"
EndProject
Project("{FAE04EC0-301F-11D3-BF4B-00C04F79EFBC}") = "PrismTemplate.Droid", "src\PrismTemplate.Droid\PrismTemplate.Droid.csproj", "{E46DE10F-9241-4BE7-B01E-42C5F956FB0F}"
EndProject
Project("{FAE04EC0-301F-11D3-BF4B-00C04F79EFBC}") = "PrismTemplate.UITests", "test\PrismTemplate.UITests\PrismTemplate.UITests.csproj", "{5570AB6C-C2AE-42C3-9B04-7D192BD8A57C}"
EndProject
Project("{2150E333-8FDC-42A3-9474-1A3956D46DE8}") = "src", "src", "{3B018D19-7BF3-48B6-A414-995C1B5CDC40}"
EndProject
Project("{2150E333-8FDC-42A3-9474-1A3956D46DE8}") = "test", "test", "{992AF980-3E9F-4B26-9A57-D97B67822950}"
EndProject
Global
	GlobalSection(SolutionConfigurationPlatforms) = preSolution
		Debug|Any CPU = Debug|Any CPU
		Release|Any CPU = Release|Any CPU
		Debug|iPhoneSimulator = Debug|iPhoneSimulator
		Release|iPhone = Release|iPhone
		Release|iPhoneSimulator = Release|iPhoneSimulator
		Debug|iPhone = Debug|iPhone
	EndGlobalSection
	GlobalSection(ProjectConfigurationPlatforms) = postSolution
		{5BCE2767-85E8-403A-8F39-7E0EBC8BDB3B}.Debug|Any CPU.ActiveCfg = Debug|Any CPU
		{5BCE2767-85E8-403A-8F39-7E0EBC8BDB3B}.Debug|Any CPU.Build.0 = Debug|Any CPU
		{5BCE2767-85E8-403A-8F39-7E0EBC8BDB3B}.Release|Any CPU.ActiveCfg = Release|Any CPU
		{5BCE2767-85E8-403A-8F39-7E0EBC8BDB3B}.Release|Any CPU.Build.0 = Release|Any CPU
		{5BCE2767-85E8-403A-8F39-7E0EBC8BDB3B}.Debug|iPhoneSimulator.ActiveCfg = Debug|Any CPU
		{5BCE2767-85E8-403A-8F39-7E0EBC8BDB3B}.Debug|iPhoneSimulator.Build.0 = Debug|Any CPU
		{5BCE2767-85E8-403A-8F39-7E0EBC8BDB3B}.Release|iPhone.ActiveCfg = Release|Any CPU
		{5BCE2767-85E8-403A-8F39-7E0EBC8BDB3B}.Release|iPhone.Build.0 = Release|Any CPU
		{5BCE2767-85E8-403A-8F39-7E0EBC8BDB3B}.Release|iPhoneSimulator.ActiveCfg = Release|Any CPU
		{5BCE2767-85E8-403A-8F39-7E0EBC8BDB3B}.Release|iPhoneSimulator.Build.0 = Release|Any CPU
		{5BCE2767-85E8-403A-8F39-7E0EBC8BDB3B}.Debug|iPhone.ActiveCfg = Debug|Any CPU
		{5BCE2767-85E8-403A-8F39-7E0EBC8BDB3B}.Debug|iPhone.Build.0 = Debug|Any CPU
		{3517A3A7-F09E-41BC-9DAC-05EC4E452476}.Debug|Any CPU.ActiveCfg = Debug|iPhoneSimulator
		{3517A3A7-F09E-41BC-9DAC-05EC4E452476}.Debug|Any CPU.Build.0 = Debug|iPhoneSimulator
		{3517A3A7-F09E-41BC-9DAC-05EC4E452476}.Release|Any CPU.ActiveCfg = Release|iPhone
		{3517A3A7-F09E-41BC-9DAC-05EC4E452476}.Release|Any CPU.Build.0 = Release|iPhone
		{3517A3A7-F09E-41BC-9DAC-05EC4E452476}.Debug|iPhoneSimulator.ActiveCfg = Debug|iPhoneSimulator
		{3517A3A7-F09E-41BC-9DAC-05EC4E452476}.Debug|iPhoneSimulator.Build.0 = Debug|iPhoneSimulator
		{3517A3A7-F09E-41BC-9DAC-05EC4E452476}.Release|iPhone.ActiveCfg = Release|iPhone
		{3517A3A7-F09E-41BC-9DAC-05EC4E452476}.Release|iPhone.Build.0 = Release|iPhone
		{3517A3A7-F09E-41BC-9DAC-05EC4E452476}.Release|iPhoneSimulator.ActiveCfg = Release|iPhoneSimulator
		{3517A3A7-F09E-41BC-9DAC-05EC4E452476}.Release|iPhoneSimulator.Build.0 = Release|iPhoneSimulator
		{3517A3A7-F09E-41BC-9DAC-05EC4E452476}.Debug|iPhone.ActiveCfg = Debug|iPhone
		{3517A3A7-F09E-41BC-9DAC-05EC4E452476}.Debug|iPhone.Build.0 = Debug|iPhone
		{E46DE10F-9241-4BE7-B01E-42C5F956FB0F}.Debug|Any CPU.ActiveCfg = Debug|Any CPU
		{E46DE10F-9241-4BE7-B01E-42C5F956FB0F}.Debug|Any CPU.Build.0 = Debug|Any CPU
		{E46DE10F-9241-4BE7-B01E-42C5F956FB0F}.Release|Any CPU.ActiveCfg = Release|Any CPU
		{E46DE10F-9241-4BE7-B01E-42C5F956FB0F}.Release|Any CPU.Build.0 = Release|Any CPU
		{E46DE10F-9241-4BE7-B01E-42C5F956FB0F}.Debug|iPhoneSimulator.ActiveCfg = Debug|Any CPU
		{E46DE10F-9241-4BE7-B01E-42C5F956FB0F}.Debug|iPhoneSimulator.Build.0 = Debug|Any CPU
		{E46DE10F-9241-4BE7-B01E-42C5F956FB0F}.Release|iPhone.ActiveCfg = Release|Any CPU
		{E46DE10F-9241-4BE7-B01E-42C5F956FB0F}.Release|iPhone.Build.0 = Release|Any CPU
		{E46DE10F-9241-4BE7-B01E-42C5F956FB0F}.Release|iPhoneSimulator.ActiveCfg = Release|Any CPU
		{E46DE10F-9241-4BE7-B01E-42C5F956FB0F}.Release|iPhoneSimulator.Build.0 = Release|Any CPU
		{E46DE10F-9241-4BE7-B01E-42C5F956FB0F}.Debug|iPhone.ActiveCfg = Debug|Any CPU
		{E46DE10F-9241-4BE7-B01E-42C5F956FB0F}.Debug|iPhone.Build.0 = Debug|Any CPU
		{5570AB6C-C2AE-42C3-9B04-7D192BD8A57C}.Debug|Any CPU.ActiveCfg = Debug|Any CPU
		{5570AB6C-C2AE-42C3-9B04-7D192BD8A57C}.Debug|Any CPU.Build.0 = Debug|Any CPU
		{5570AB6C-C2AE-42C3-9B04-7D192BD8A57C}.Release|Any CPU.ActiveCfg = Release|Any CPU
		{5570AB6C-C2AE-42C3-9B04-7D192BD8A57C}.Release|Any CPU.Build.0 = Release|Any CPU
		{5570AB6C-C2AE-42C3-9B04-7D192BD8A57C}.Debug|iPhoneSimulator.ActiveCfg = Debug|Any CPU
		{5570AB6C-C2AE-42C3-9B04-7D192BD8A57C}.Debug|iPhoneSimulator.Build.0 = Debug|Any CPU
		{5570AB6C-C2AE-42C3-9B04-7D192BD8A57C}.Release|iPhone.ActiveCfg = Release|Any CPU
		{5570AB6C-C2AE-42C3-9B04-7D192BD8A57C}.Release|iPhone.Build.0 = Release|Any CPU
		{5570AB6C-C2AE-42C3-9B04-7D192BD8A57C}.Release|iPhoneSimulator.ActiveCfg = Release|Any CPU
		{5570AB6C-C2AE-42C3-9B04-7D192BD8A57C}.Release|iPhoneSimulator.Build.0 = Release|Any CPU
		{5570AB6C-C2AE-42C3-9B04-7D192BD8A57C}.Debug|iPhone.ActiveCfg = Debug|Any CPU
		{5570AB6C-C2AE-42C3-9B04-7D192BD8A57C}.Debug|iPhone.Build.0 = Debug|Any CPU
	EndGlobalSection
	GlobalSection(NestedProjects) = preSolution
		{5BCE2767-85E8-403A-8F39-7E0EBC8BDB3B} = {3B018D19-7BF3-48B6-A414-995C1B5CDC40}
		{E46DE10F-9241-4BE7-B01E-42C5F956FB0F} = {3B018D19-7BF3-48B6-A414-995C1B5CDC40}
		{3517A3A7-F09E-41BC-9DAC-05EC4E452476} = {3B018D19-7BF3-48B6-A414-995C1B5CDC40}
		{5570AB6C-C2AE-42C3-9B04-7D192BD8A57C} = {992AF980-3E9F-4B26-9A57-D97B67822950}
	EndGlobalSection
EndGlobal
